# THIS IS AN AUTOGENERATED FILE. DO NOT EDIT THIS FILE DIRECTLY.
# yarn lockfile v1


"@hotwired/stimulus@^3.0.0":
  "integrity" "sha512-HGlzDcf9vv/EQrMJ5ZG6VWNs8Z/xMN+1o2OhV1gKiSG6CqZt5MCBB1gRg5ILiN3U0jEAxuDTNPRfBcnZBDmupQ=="
  "resolved" "https://registry.npmjs.org/@hotwired/stimulus/-/stimulus-3.2.1.tgz"
  "version" "3.2.1"

"@orchidjs/sifter@^1.0.3":
  "integrity" "sha512-zCZbwKegHytfsPm8Amcfh7v/4vHqTAaOu6xFswBYcn8nznBOuseu6COB2ON7ez0tFV0mKL0nRNnCiZZA+lU9/g=="
  "resolved" "https://registry.npmjs.org/@orchidjs/sifter/-/sifter-1.0.3.tgz"
  "version" "1.0.3"
  dependencies:
    "@orchidjs/unicode-variants" "^1.0.4"

"@orchidjs/unicode-variants@^1.0.4":
  "integrity" "sha512-NvVBRnZNE+dugiXERFsET1JlKZfM5lJDEpSMilKW4bToYJ7pxf0Zne78xyXB2ny2c2aHfJ6WLnz1AaTNHAmQeQ=="
  "resolved" "https://registry.npmjs.org/@orchidjs/unicode-variants/-/unicode-variants-1.0.4.tgz"
  "version" "1.0.4"

"stimulus-autocomplete@^3.1.0":
  "integrity" "sha512-SmVViCdA8yCl99oV2kzllNOqYjx7wruY+1OjAVsDTkZMNFZG5j+SqDKHMYbu+dRFy/SWq/PParzwZHvLAgH+YA=="
  "resolved" "https://registry.npmjs.org/stimulus-autocomplete/-/stimulus-autocomplete-3.1.0.tgz"
  "version" "3.1.0"

"tom-select@^2.2.2":
  "integrity" "sha512-igGah1yY6yhrnN2h/Ky8I5muw/nE/YQxIsEZoYu5qaA4bsRibvKto3s8QZZosKpOd0uO8fNYhRfAwgHB4IAYew=="
  "resolved" "https://registry.npmjs.org/tom-select/-/tom-select-2.2.2.tgz"
  "version" "2.2.2"
  dependencies:
    "@orchidjs/sifter" "^1.0.3"
    "@orchidjs/unicode-variants" "^1.0.4"
